<?xml version="1.0" encoding="utf-8"?>
<Project ToolsVersion="4.0" xmlns="http://schemas.microsoft.com/developer/msbuild/2003">
  <ItemGroup>
    <Filter Include="Source Files">
      <UniqueIdentifier>{4FC737F1-C7A5-4376-A066-2A32D752A2FF}</UniqueIdentifier>
      <Extensions>cpp;c;cc;cxx;c++;cppm;ixx;def;odl;idl;hpj;bat;asm;asmx</Extensions>
    </Filter>
    <Filter Include="Header Files">
      <UniqueIdentifier>{93995380-89BD-4b04-88EB-625FBE52EBFB}</UniqueIdentifier>
      <Extensions>h;hh;hpp;hxx;h++;hm;inl;inc;ipp;xsd</Extensions>
    </Filter>
  </ItemGroup>
  <ItemGroup>
    <ClCompile Include="RestaurantSim.cpp">
      <Filter>Source Files</Filter>
    </ClCompile>
    <ClCompile Include="Table.cpp">
      <Filter>Source Files</Filter>
    </ClCompile>
    <ClCompile Include="Fit_Tables.cpp">
      <Filter>Source Files</Filter>
    </ClCompile>
    <ClCompile Include="Cook_Ords.cpp">
      <Filter>Source Files</Filter>
    </ClCompile>
    <ClCompile Include="Pend_OVC.cpp">
      <Filter>Source Files</Filter>
    </ClCompile>
    <ClCompile Include="RDY_OV.cpp">
      <Filter>Source Files</Filter>
    </ClCompile>
    <ClCompile Include="Restaurant.cpp">
      <Filter>Source Files</Filter>
    </ClCompile>
    <ClCompile Include="Scooter.cpp">
      <Filter>Source Files</Filter>
    </ClCompile>
    <ClCompile Include="ReadyOT.cpp">
      <Filter>Source Files</Filter>
    </ClCompile>
    <ClCompile Include="ReadyOD.cpp">
      <Filter>Source Files</Filter>
    </ClCompile>
    <ClCompile Include="priNode.cpp">
      <Filter>Source Files</Filter>
    </ClCompile>
    <ClCompile Include="priQueue.cpp">
      <Filter>Source Files</Filter>
    </ClCompile>
    <ClCompile Include="Queue.cpp">
      <Filter>Source Files</Filter>
    </ClCompile>
    <ClCompile Include="Order.cpp">
      <Filter>Source Files</Filter>
    </ClCompile>
    <ClCompile Include="main.cpp">
      <Filter>Source Files</Filter>
    </ClCompile>
    <ClCompile Include="FreeCN.cpp">
      <Filter>Source Files</Filter>
    </ClCompile>
    <ClCompile Include="Chef.cpp">
      <Filter>Source Files</Filter>
    </ClCompile>
    <ClCompile Include="MaintScooters.cpp">
      <Filter>Source Files</Filter>
    </ClCompile>
    <ClCompile Include="FreeCS.cpp">
      <Filter>Source Files</Filter>
    </ClCompile>
    <ClCompile Include="ActionList.cpp">
      <Filter>Source Files</Filter>
    </ClCompile>
  </ItemGroup>
  <ItemGroup>
    <ClInclude Include="Table.h">
      <Filter>Header Files</Filter>
    </ClInclude>
    <ClInclude Include="Fit_Tables.h">
      <Filter>Header Files</Filter>
    </ClInclude>
    <ClInclude Include="Cook_Ords.h">
      <Filter>Header Files</Filter>
    </ClInclude>
    <ClInclude Include="Pend_OVC.h">
      <Filter>Header Files</Filter>
    </ClInclude>
    <ClInclude Include="RDY_OV.h">
      <Filter>Header Files</Filter>
    </ClInclude>
    <ClInclude Include="Scooter.h">
      <Filter>Header Files</Filter>
    </ClInclude>
    <ClInclude Include="StackADT.h">
      <Filter>Header Files</Filter>
    </ClInclude>
    <ClInclude Include="Action.h">
      <Filter>Header Files</Filter>
    </ClInclude>
    <ClInclude Include="ActionList.h">
      <Filter>Header Files</Filter>
    </ClInclude>
    <ClInclude Include="ArrayStack.h">
      <Filter>Header Files</Filter>
    </ClInclude>
    <ClInclude Include="Chef.h">
      <Filter>Header Files</Filter>
    </ClInclude>
    <ClInclude Include="CookingQueue.h">
      <Filter>Header Files</Filter>
    </ClInclude>
    <ClInclude Include="FinishedOrders.h">
      <Filter>Header Files</Filter>
    </ClInclude>
    <ClInclude Include="FreeCN.h">
      <Filter>Header Files</Filter>
    </ClInclude>
    <ClInclude Include="FreeCS.h">
      <Filter>Header Files</Filter>
    </ClInclude>
    <ClInclude Include="LinkedQueue.h">
      <Filter>Header Files</Filter>
    </ClInclude>
    <ClInclude Include="MaintScooters.h">
      <Filter>Header Files</Filter>
    </ClInclude>
    <ClInclude Include="Node.h">
      <Filter>Header Files</Filter>
    </ClInclude>
    <ClInclude Include="Order.h">
      <Filter>Header Files</Filter>
    </ClInclude>
    <ClInclude Include="priNode.h">
      <Filter>Header Files</Filter>
    </ClInclude>
    <ClInclude Include="priQueue.h">
      <Filter>Header Files</Filter>
    </ClInclude>
    <ClInclude Include="Queue.h">
      <Filter>Header Files</Filter>
    </ClInclude>
    <ClInclude Include="QueueADT.h">
      <Filter>Header Files</Filter>
    </ClInclude>
    <ClInclude Include="ReadyOD.h">
      <Filter>Header Files</Filter>
    </ClInclude>
    <ClInclude Include="ReadyOT.h">
      <Filter>Header Files</Filter>
    </ClInclude>
    <ClInclude Include="Restaurant.h">
      <Filter>Header Files</Filter>
    </ClInclude>
  </ItemGroup>
  <ItemGroup>
    <None Include="RestaurantSim.vcxproj.user">
      <Filter>Header Files</Filter>
    </None>
    <None Include="Restuarant Project.vcxproj">
      <Filter>Header Files</Filter>
    </None>
    <None Include="Restuarant Project.vcxproj.filters">
      <Filter>Header Files</Filter>
    </None>
    <None Include="Stacks_Queues.sln">
      <Filter>Header Files</Filter>
    </None>
    <None Include="Stacks_Queues.v11.suo">
      <Filter>Header Files</Filter>
    </None>
    <None Include="README.md">
      <Filter>Header Files</Filter>
    </None>
  </ItemGroup>
</Project>